<?xml version="1.0" encoding="utf-8"?>
<Project ToolsVersion="4.0" xmlns="http://schemas.microsoft.com/developer/msbuild/2003">
  <ItemGroup>
    <Filter Include="Source Files">
      <UniqueIdentifier>{4FC737F1-C7A5-4376-A066-2A32D752A2FF}</UniqueIdentifier>
      <Extensions>cpp;c;cc;cxx;c++;cppm;ixx;def;odl;idl;hpj;bat;asm;asmx</Extensions>
    </Filter>
    <Filter Include="Header Files">
      <UniqueIdentifier>{93995380-89BD-4b04-88EB-625FBE52EBFB}</UniqueIdentifier>
      <Extensions>h;hh;hpp;hxx;h++;hm;inl;inc;ipp;xsd</Extensions>
    </Filter>
    <Filter Include="Resource Files">
      <UniqueIdentifier>{67DA6AB6-F800-4c08-8B7A-83BB121AAD01}</UniqueIdentifier>
      <Extensions>rc;ico;cur;bmp;dlg;rc2;rct;bin;rgs;gif;jpg;jpeg;jpe;resx;tiff;tif;png;wav;mfcribbon-ms</Extensions>
    </Filter>
    <Filter Include="RenderEntities">
      <UniqueIdentifier>{cd44c5a9-e04a-4a07-8a98-c1404d0dd161}</UniqueIdentifier>
    </Filter>
    <Filter Include="RenderEntities\Line">
      <UniqueIdentifier>{2d543cc7-3f6d-43b7-bed3-075e215366a6}</UniqueIdentifier>
    </Filter>
    <Filter Include="Jig">
      <UniqueIdentifier>{10be491f-0724-412a-97e6-26516994c727}</UniqueIdentifier>
    </Filter>
    <Filter Include="FullEntities">
      <UniqueIdentifier>{1b3df477-97d0-4436-a330-26025c039708}</UniqueIdentifier>
    </Filter>
    <Filter Include="FullEntities\Line">
      <UniqueIdentifier>{1da374c5-61b6-4d3e-a8c1-993e0899db75}</UniqueIdentifier>
    </Filter>
    <Filter Include="Commands">
      <UniqueIdentifier>{cf3aa7c1-ba56-4838-a770-7a7e3df034d9}</UniqueIdentifier>
    </Filter>
    <Filter Include="Commands\LineCmd">
      <UniqueIdentifier>{1d5759b5-96d3-4446-9ed4-f9e01faaf807}</UniqueIdentifier>
    </Filter>
    <Filter Include="Commands\CircleCmd">
      <UniqueIdentifier>{d6e8f507-c4b4-4463-94cd-029be1e25492}</UniqueIdentifier>
    </Filter>
    <Filter Include="FullEntities\Circle">
      <UniqueIdentifier>{810d4e9b-8e07-44db-8c4d-930dd1d9014a}</UniqueIdentifier>
    </Filter>
    <Filter Include="RenderEntities\Circle">
      <UniqueIdentifier>{d2d7411d-dfd3-40d0-acb8-b04c997b3e62}</UniqueIdentifier>
    </Filter>
    <Filter Include="RenderEntities\Square">
      <UniqueIdentifier>{2af335db-5753-48d1-98e2-4d15a9799687}</UniqueIdentifier>
    </Filter>
    <Filter Include="FullEntities\Square">
      <UniqueIdentifier>{084429f7-247f-4bc4-89f0-09a311c9fc6c}</UniqueIdentifier>
    </Filter>
    <Filter Include="Commands\SquareCmd">
      <UniqueIdentifier>{39d2fef2-18f2-4015-a105-f240aacff723}</UniqueIdentifier>
    </Filter>
    <Filter Include="PromptSelection">
      <UniqueIdentifier>{d12e07a3-f5ae-40a2-88a1-59dad6125073}</UniqueIdentifier>
    </Filter>
    <Filter Include="Shaders">
      <UniqueIdentifier>{258644f9-7fff-4628-9d4d-a64a05b107c8}</UniqueIdentifier>
    </Filter>
  </ItemGroup>
  <ItemGroup>
    <ClInclude Include="framework.h">
      <Filter>Header Files</Filter>
    </ClInclude>
    <ClInclude Include="pch.h">
      <Filter>Header Files</Filter>
    </ClInclude>
    <ClInclude Include="GLEngineNative.h">
      <Filter>Header Files</Filter>
    </ClInclude>
    <ClInclude Include="GLLine.h">
      <Filter>RenderEntities\Line</Filter>
    </ClInclude>
    <ClInclude Include="MathLine.h">
      <Filter>FullEntities\Line</Filter>
    </ClInclude>
    <ClInclude Include="LineCmd.h">
      <Filter>Commands\LineCmd</Filter>
    </ClInclude>
    <ClInclude Include="CircleCmd.h">
      <Filter>Commands\CircleCmd</Filter>
    </ClInclude>
    <ClInclude Include="MathCircle.h">
      <Filter>FullEntities\Circle</Filter>
    </ClInclude>
    <ClInclude Include="GLCircle.h">
      <Filter>RenderEntities\Circle</Filter>
    </ClInclude>
    <ClInclude Include="GLSquare.h">
      <Filter>RenderEntities\Square</Filter>
    </ClInclude>
    <ClInclude Include="MathSquare.h">
      <Filter>FullEntities\Square</Filter>
    </ClInclude>
    <ClInclude Include="SquareCmd.h">
      <Filter>Commands\SquareCmd</Filter>
    </ClInclude>
    <ClInclude Include="PromptPointSelection.h">
      <Filter>PromptSelection</Filter>
    </ClInclude>
  </ItemGroup>
  <ItemGroup>
    <ClCompile Include="pch.cpp">
      <Filter>Source Files</Filter>
    </ClCompile>
    <ClCompile Include="GLEngineNative.cpp">
      <Filter>Source Files</Filter>
    </ClCompile>
    <ClCompile Include="GLLine.cpp">
      <Filter>RenderEntities\Line</Filter>
    </ClCompile>
    <ClCompile Include="MathLine.cpp">
      <Filter>FullEntities\Line</Filter>
    </ClCompile>
    <ClCompile Include="LineCmd.cpp">
      <Filter>Commands\LineCmd</Filter>
    </ClCompile>
    <ClCompile Include="CircleCmd.cpp">
      <Filter>Commands\CircleCmd</Filter>
    </ClCompile>
    <ClCompile Include="MathCircle.cpp">
      <Filter>FullEntities\Circle</Filter>
    </ClCompile>
    <ClCompile Include="GLCircle.cpp">
      <Filter>RenderEntities\Circle</Filter>
    </ClCompile>
    <ClCompile Include="GLSquare.cpp">
      <Filter>RenderEntities\Square</Filter>
    </ClCompile>
    <ClCompile Include="MathSquare.cpp">
      <Filter>FullEntities\Square</Filter>
    </ClCompile>
    <ClCompile Include="SquareCmd.cpp">
      <Filter>Commands\SquareCmd</Filter>
    </ClCompile>
    <ClCompile Include="PromptPointSelection.cpp">
      <Filter>PromptSelection</Filter>
    </ClCompile>
  </ItemGroup>
  <ItemGroup>
    <None Include="..\Shaders\directional_shadow_map.frag">
      <Filter>Shaders</Filter>
    </None>
    <None Include="..\Shaders\directional_shadow_map.vert">
      <Filter>Shaders</Filter>
    </None>
    <None Include="..\Shaders\omni_directional_shadow_map.frag">
      <Filter>Shaders</Filter>
    </None>
    <None Include="..\Shaders\omni_directional_shadow_map.geom">
      <Filter>Shaders</Filter>
    </None>
    <None Include="..\Shaders\omni_directional_shadow_map.vert">
      <Filter>Shaders</Filter>
    </None>
    <None Include="..\Shaders\omni_shadow_map.frag">
      <Filter>Shaders</Filter>
    </None>
    <None Include="..\Shaders\omni_shadow_map.geom">
      <Filter>Shaders</Filter>
    </None>
    <None Include="..\Shaders\omni_shadow_map.vert">
      <Filter>Shaders</Filter>
    </None>
    <None Include="..\Shaders\shader.frag">
      <Filter>Shaders</Filter>
    </None>
    <None Include="..\Shaders\shader.vert">
      <Filter>Shaders</Filter>
    </None>
    <None Include="..\Shaders\skybox.frag">
      <Filter>Shaders</Filter>
    </None>
    <None Include="..\Shaders\skybox.vert">
      <Filter>Shaders</Filter>
    </None>
  </ItemGroup>
</Project>