
Microsoft Visual Studio Solution File, Format Version 12.00
# Visual Studio Version 17
VisualStudioVersion = 17.9.34622.214
MinimumVisualStudioVersion = 10.0.40219.1
Project("{9A19103F-16F7-4668-BE54-9A1E7A4F7556}") = "MathUI", "MathUI\MathUI.csproj", "{060955E5-7D5D-4C80-9249-0524783F3EC4}"
EndProject
Project("{8BC9CEB8-8B4A-11D0-8D11-00A0C91BC942}") = "MathCore", "MathCore\MathCore.vcxproj", "{2B0D475A-3BC0-44DD-B419-0499E5984E63}"
EndProject
Project("{8BC9CEB8-8B4A-11D0-8D11-00A0C91BC942}") = "MathGLNative", "MathGLNative\MathGLNative.vcxproj", "{59C0DF34-B965-4A84-A4B2-BF0EC59BD38C}"
	ProjectSection(ProjectDependencies) = postProject
		{00BA3763-D918-4675-BDA7-95294F33A4EB} = {00BA3763-D918-4675-BDA7-95294F33A4EB}
		{2B0D475A-3BC0-44DD-B419-0499E5984E63} = {2B0D475A-3BC0-44DD-B419-0499E5984E63}
	EndProjectSection
EndProject
Project("{8BC9CEB8-8B4A-11D0-8D11-00A0C91BC942}") = "CoreGLConverter", "CoreGLConverter\CoreGLConverter.vcxproj", "{00BA3763-D918-4675-BDA7-95294F33A4EB}"
EndProject
Project("{8BC9CEB8-8B4A-11D0-8D11-00A0C91BC942}") = "MathDXNative", "MathDXNative\MathDXNative.vcxproj", "{8B3BE34B-C58B-4BF3-9298-ADD94E56D1CF}"
	ProjectSection(ProjectDependencies) = postProject
		{2B0D475A-3BC0-44DD-B419-0499E5984E63} = {2B0D475A-3BC0-44DD-B419-0499E5984E63}
	EndProjectSection
EndProject
Project("{8BC9CEB8-8B4A-11D0-8D11-00A0C91BC942}") = "MathDX", "MathDX\MathDX.vcxproj", "{C4BF1CD1-986C-4E3C-8788-76C32A28F0E3}"
	ProjectSection(ProjectDependencies) = postProject
		{8B3BE34B-C58B-4BF3-9298-ADD94E56D1CF} = {8B3BE34B-C58B-4BF3-9298-ADD94E56D1CF}
	EndProjectSection
EndProject
Project("{8BC9CEB8-8B4A-11D0-8D11-00A0C91BC942}") = "MathGL", "MathGL\MathGL.vcxproj", "{0100D739-D70B-497D-9551-8D39BA58A3D3}"
	ProjectSection(ProjectDependencies) = postProject
		{59C0DF34-B965-4A84-A4B2-BF0EC59BD38C} = {59C0DF34-B965-4A84-A4B2-BF0EC59BD38C}
	EndProjectSection
EndProject
Project("{54435603-DBB4-11D2-8724-00A0C9A8B90C}") = "MathSetup", "MathSetup\MathSetup.vdproj", "{418F89D7-B615-4307-9BE0-62AC9A18BA13}"
EndProject
Project("{8BC9CEB8-8B4A-11D0-8D11-00A0C91BC942}") = "MathCoreWrapper", "MathCoreWrapper\MathCoreWrapper.vcxproj", "{48804A43-22F4-416B-ADB1-A7D0919F305D}"
	ProjectSection(ProjectDependencies) = postProject
		{2B0D475A-3BC0-44DD-B419-0499E5984E63} = {2B0D475A-3BC0-44DD-B419-0499E5984E63}
	EndProjectSection
EndProject
Project("{8BC9CEB8-8B4A-11D0-8D11-00A0C91BC942}") = "MathUnitTest", "MathUnitTest\MathUnitTest.vcxproj", "{DB5AAEED-0480-493B-96E1-6E747F0265ED}"
EndProject
Global
	GlobalSection(SolutionConfigurationPlatforms) = preSolution
		Debug|Any CPU = Debug|Any CPU
		Debug|x64 = Debug|x64
		Debug|x86 = Debug|x86
		Release|Any CPU = Release|Any CPU
		Release|x64 = Release|x64
		Release|x86 = Release|x86
	EndGlobalSection
	GlobalSection(ProjectConfigurationPlatforms) = postSolution
		{060955E5-7D5D-4C80-9249-0524783F3EC4}.Debug|Any CPU.ActiveCfg = Debug|Any CPU
		{060955E5-7D5D-4C80-9249-0524783F3EC4}.Debug|Any CPU.Build.0 = Debug|Any CPU
		{060955E5-7D5D-4C80-9249-0524783F3EC4}.Debug|x64.ActiveCfg = Debug|Any CPU
		{060955E5-7D5D-4C80-9249-0524783F3EC4}.Debug|x64.Build.0 = Debug|Any CPU
		{060955E5-7D5D-4C80-9249-0524783F3EC4}.Debug|x86.ActiveCfg = Debug|Any CPU
		{060955E5-7D5D-4C80-9249-0524783F3EC4}.Debug|x86.Build.0 = Debug|Any CPU
		{060955E5-7D5D-4C80-9249-0524783F3EC4}.Release|Any CPU.ActiveCfg = Release|Any CPU
		{060955E5-7D5D-4C80-9249-0524783F3EC4}.Release|Any CPU.Build.0 = Release|Any CPU
		{060955E5-7D5D-4C80-9249-0524783F3EC4}.Release|x64.ActiveCfg = Release|Any CPU
		{060955E5-7D5D-4C80-9249-0524783F3EC4}.Release|x64.Build.0 = Release|Any CPU
		{060955E5-7D5D-4C80-9249-0524783F3EC4}.Release|x86.ActiveCfg = Release|Any CPU
		{060955E5-7D5D-4C80-9249-0524783F3EC4}.Release|x86.Build.0 = Release|Any CPU
		{2B0D475A-3BC0-44DD-B419-0499E5984E63}.Debug|Any CPU.ActiveCfg = Debug|x64
		{2B0D475A-3BC0-44DD-B419-0499E5984E63}.Debug|Any CPU.Build.0 = Debug|x64
		{2B0D475A-3BC0-44DD-B419-0499E5984E63}.Debug|x64.ActiveCfg = Debug|x64
		{2B0D475A-3BC0-44DD-B419-0499E5984E63}.Debug|x64.Build.0 = Debug|x64
		{2B0D475A-3BC0-44DD-B419-0499E5984E63}.Debug|x86.ActiveCfg = Debug|Win32
		{2B0D475A-3BC0-44DD-B419-0499E5984E63}.Debug|x86.Build.0 = Debug|Win32
		{2B0D475A-3BC0-44DD-B419-0499E5984E63}.Release|Any CPU.ActiveCfg = Release|x64
		{2B0D475A-3BC0-44DD-B419-0499E5984E63}.Release|Any CPU.Build.0 = Release|x64
		{2B0D475A-3BC0-44DD-B419-0499E5984E63}.Release|x64.ActiveCfg = Release|x64
		{2B0D475A-3BC0-44DD-B419-0499E5984E63}.Release|x64.Build.0 = Release|x64
		{2B0D475A-3BC0-44DD-B419-0499E5984E63}.Release|x86.ActiveCfg = Release|Win32
		{2B0D475A-3BC0-44DD-B419-0499E5984E63}.Release|x86.Build.0 = Release|Win32
		{59C0DF34-B965-4A84-A4B2-BF0EC59BD38C}.Debug|Any CPU.ActiveCfg = Debug|x64
		{59C0DF34-B965-4A84-A4B2-BF0EC59BD38C}.Debug|Any CPU.Build.0 = Debug|x64
		{59C0DF34-B965-4A84-A4B2-BF0EC59BD38C}.Debug|x64.ActiveCfg = Debug|x64
		{59C0DF34-B965-4A84-A4B2-BF0EC59BD38C}.Debug|x64.Build.0 = Debug|x64
		{59C0DF34-B965-4A84-A4B2-BF0EC59BD38C}.Debug|x86.ActiveCfg = Debug|Win32
		{59C0DF34-B965-4A84-A4B2-BF0EC59BD38C}.Debug|x86.Build.0 = Debug|Win32
		{59C0DF34-B965-4A84-A4B2-BF0EC59BD38C}.Release|Any CPU.ActiveCfg = Release|x64
		{59C0DF34-B965-4A84-A4B2-BF0EC59BD38C}.Release|Any CPU.Build.0 = Release|x64
		{59C0DF34-B965-4A84-A4B2-BF0EC59BD38C}.Release|x64.ActiveCfg = Release|x64
		{59C0DF34-B965-4A84-A4B2-BF0EC59BD38C}.Release|x64.Build.0 = Release|x64
		{59C0DF34-B965-4A84-A4B2-BF0EC59BD38C}.Release|x86.ActiveCfg = Release|Win32
		{59C0DF34-B965-4A84-A4B2-BF0EC59BD38C}.Release|x86.Build.0 = Release|Win32
		{00BA3763-D918-4675-BDA7-95294F33A4EB}.Debug|Any CPU.ActiveCfg = Debug|x64
		{00BA3763-D918-4675-BDA7-95294F33A4EB}.Debug|Any CPU.Build.0 = Debug|x64
		{00BA3763-D918-4675-BDA7-95294F33A4EB}.Debug|x64.ActiveCfg = Debug|x64
		{00BA3763-D918-4675-BDA7-95294F33A4EB}.Debug|x64.Build.0 = Debug|x64
		{00BA3763-D918-4675-BDA7-95294F33A4EB}.Debug|x86.ActiveCfg = Debug|Win32
		{00BA3763-D918-4675-BDA7-95294F33A4EB}.Debug|x86.Build.0 = Debug|Win32
		{00BA3763-D918-4675-BDA7-95294F33A4EB}.Release|Any CPU.ActiveCfg = Release|x64
		{00BA3763-D918-4675-BDA7-95294F33A4EB}.Release|Any CPU.Build.0 = Release|x64
		{00BA3763-D918-4675-BDA7-95294F33A4EB}.Release|x64.ActiveCfg = Release|x64
		{00BA3763-D918-4675-BDA7-95294F33A4EB}.Release|x64.Build.0 = Release|x64
		{00BA3763-D918-4675-BDA7-95294F33A4EB}.Release|x86.ActiveCfg = Release|Win32
		{00BA3763-D918-4675-BDA7-95294F33A4EB}.Release|x86.Build.0 = Release|Win32
		{8B3BE34B-C58B-4BF3-9298-ADD94E56D1CF}.Debug|Any CPU.ActiveCfg = Debug|x64
		{8B3BE34B-C58B-4BF3-9298-ADD94E56D1CF}.Debug|Any CPU.Build.0 = Debug|x64
		{8B3BE34B-C58B-4BF3-9298-ADD94E56D1CF}.Debug|x64.ActiveCfg = Debug|x64
		{8B3BE34B-C58B-4BF3-9298-ADD94E56D1CF}.Debug|x64.Build.0 = Debug|x64
		{8B3BE34B-C58B-4BF3-9298-ADD94E56D1CF}.Debug|x86.ActiveCfg = Debug|Win32
		{8B3BE34B-C58B-4BF3-9298-ADD94E56D1CF}.Debug|x86.Build.0 = Debug|Win32
		{8B3BE34B-C58B-4BF3-9298-ADD94E56D1CF}.Release|Any CPU.ActiveCfg = Release|x64
		{8B3BE34B-C58B-4BF3-9298-ADD94E56D1CF}.Release|Any CPU.Build.0 = Release|x64
		{8B3BE34B-C58B-4BF3-9298-ADD94E56D1CF}.Release|x64.ActiveCfg = Release|x64
		{8B3BE34B-C58B-4BF3-9298-ADD94E56D1CF}.Release|x64.Build.0 = Release|x64
		{8B3BE34B-C58B-4BF3-9298-ADD94E56D1CF}.Release|x86.ActiveCfg = Release|Win32
		{8B3BE34B-C58B-4BF3-9298-ADD94E56D1CF}.Release|x86.Build.0 = Release|Win32
		{C4BF1CD1-986C-4E3C-8788-76C32A28F0E3}.Debug|Any CPU.ActiveCfg = Debug|x64
		{C4BF1CD1-986C-4E3C-8788-76C32A28F0E3}.Debug|Any CPU.Build.0 = Debug|x64
		{C4BF1CD1-986C-4E3C-8788-76C32A28F0E3}.Debug|x64.ActiveCfg = Debug|x64
		{C4BF1CD1-986C-4E3C-8788-76C32A28F0E3}.Debug|x64.Build.0 = Debug|x64
		{C4BF1CD1-986C-4E3C-8788-76C32A28F0E3}.Debug|x86.ActiveCfg = Debug|Win32
		{C4BF1CD1-986C-4E3C-8788-76C32A28F0E3}.Debug|x86.Build.0 = Debug|Win32
		{C4BF1CD1-986C-4E3C-8788-76C32A28F0E3}.Release|Any CPU.ActiveCfg = Release|x64
		{C4BF1CD1-986C-4E3C-8788-76C32A28F0E3}.Release|Any CPU.Build.0 = Release|x64
		{C4BF1CD1-986C-4E3C-8788-76C32A28F0E3}.Release|x64.ActiveCfg = Release|x64
		{C4BF1CD1-986C-4E3C-8788-76C32A28F0E3}.Release|x64.Build.0 = Release|x64
		{C4BF1CD1-986C-4E3C-8788-76C32A28F0E3}.Release|x86.ActiveCfg = Release|Win32
		{C4BF1CD1-986C-4E3C-8788-76C32A28F0E3}.Release|x86.Build.0 = Release|Win32
		{0100D739-D70B-497D-9551-8D39BA58A3D3}.Debug|Any CPU.ActiveCfg = Debug|x64
		{0100D739-D70B-497D-9551-8D39BA58A3D3}.Debug|Any CPU.Build.0 = Debug|x64
		{0100D739-D70B-497D-9551-8D39BA58A3D3}.Debug|x64.ActiveCfg = Debug|x64
		{0100D739-D70B-497D-9551-8D39BA58A3D3}.Debug|x64.Build.0 = Debug|x64
		{0100D739-D70B-497D-9551-8D39BA58A3D3}.Debug|x86.ActiveCfg = Debug|Win32
		{0100D739-D70B-497D-9551-8D39BA58A3D3}.Debug|x86.Build.0 = Debug|Win32
		{0100D739-D70B-497D-9551-8D39BA58A3D3}.Release|Any CPU.ActiveCfg = Release|x64
		{0100D739-D70B-497D-9551-8D39BA58A3D3}.Release|Any CPU.Build.0 = Release|x64
		{0100D739-D70B-497D-9551-8D39BA58A3D3}.Release|x64.ActiveCfg = Release|x64
		{0100D739-D70B-497D-9551-8D39BA58A3D3}.Release|x64.Build.0 = Release|x64
		{0100D739-D70B-497D-9551-8D39BA58A3D3}.Release|x86.ActiveCfg = Release|Win32
		{0100D739-D70B-497D-9551-8D39BA58A3D3}.Release|x86.Build.0 = Release|Win32
		{418F89D7-B615-4307-9BE0-62AC9A18BA13}.Debug|Any CPU.ActiveCfg = Debug
		{418F89D7-B615-4307-9BE0-62AC9A18BA13}.Debug|x64.ActiveCfg = Debug
		{418F89D7-B615-4307-9BE0-62AC9A18BA13}.Debug|x86.ActiveCfg = Debug
		{418F89D7-B615-4307-9BE0-62AC9A18BA13}.Release|Any CPU.ActiveCfg = Release
		{418F89D7-B615-4307-9BE0-62AC9A18BA13}.Release|x64.ActiveCfg = Release
		{418F89D7-B615-4307-9BE0-62AC9A18BA13}.Release|x86.ActiveCfg = Release
		{48804A43-22F4-416B-ADB1-A7D0919F305D}.Debug|Any CPU.ActiveCfg = Debug|x64
		{48804A43-22F4-416B-ADB1-A7D0919F305D}.Debug|Any CPU.Build.0 = Debug|x64
		{48804A43-22F4-416B-ADB1-A7D0919F305D}.Debug|x64.ActiveCfg = Debug|x64
		{48804A43-22F4-416B-ADB1-A7D0919F305D}.Debug|x64.Build.0 = Debug|x64
		{48804A43-22F4-416B-ADB1-A7D0919F305D}.Debug|x86.ActiveCfg = Debug|Win32
		{48804A43-22F4-416B-ADB1-A7D0919F305D}.Debug|x86.Build.0 = Debug|Win32
		{48804A43-22F4-416B-ADB1-A7D0919F305D}.Release|Any CPU.ActiveCfg = Release|x64
		{48804A43-22F4-416B-ADB1-A7D0919F305D}.Release|Any CPU.Build.0 = Release|x64
		{48804A43-22F4-416B-ADB1-A7D0919F305D}.Release|x64.ActiveCfg = Release|x64
		{48804A43-22F4-416B-ADB1-A7D0919F305D}.Release|x64.Build.0 = Release|x64
		{48804A43-22F4-416B-ADB1-A7D0919F305D}.Release|x86.ActiveCfg = Release|Win32
		{48804A43-22F4-416B-ADB1-A7D0919F305D}.Release|x86.Build.0 = Release|Win32
		{DB5AAEED-0480-493B-96E1-6E747F0265ED}.Debug|Any CPU.ActiveCfg = Debug|x64
		{DB5AAEED-0480-493B-96E1-6E747F0265ED}.Debug|Any CPU.Build.0 = Debug|x64
		{DB5AAEED-0480-493B-96E1-6E747F0265ED}.Debug|x64.ActiveCfg = Debug|x64
		{DB5AAEED-0480-493B-96E1-6E747F0265ED}.Debug|x64.Build.0 = Debug|x64
		{DB5AAEED-0480-493B-96E1-6E747F0265ED}.Debug|x86.ActiveCfg = Debug|Win32
		{DB5AAEED-0480-493B-96E1-6E747F0265ED}.Debug|x86.Build.0 = Debug|Win32
		{DB5AAEED-0480-493B-96E1-6E747F0265ED}.Release|Any CPU.ActiveCfg = Release|x64
		{DB5AAEED-0480-493B-96E1-6E747F0265ED}.Release|Any CPU.Build.0 = Release|x64
		{DB5AAEED-0480-493B-96E1-6E747F0265ED}.Release|x64.ActiveCfg = Release|x64
		{DB5AAEED-0480-493B-96E1-6E747F0265ED}.Release|x64.Build.0 = Release|x64
		{DB5AAEED-0480-493B-96E1-6E747F0265ED}.Release|x86.ActiveCfg = Release|Win32
		{DB5AAEED-0480-493B-96E1-6E747F0265ED}.Release|x86.Build.0 = Release|Win32
	EndGlobalSection
	GlobalSection(SolutionProperties) = preSolution
		HideSolutionNode = FALSE
	EndGlobalSection
	GlobalSection(ExtensibilityGlobals) = postSolution
		SolutionGuid = {978FBCF2-EC3E-48AF-AECA-2E00BCEAFEA1}
	EndGlobalSection
EndGlobal
