<?xml version="1.0" encoding="utf-8"?>
<Project ToolsVersion="4.0" xmlns="http://schemas.microsoft.com/developer/msbuild/2003">
  <ItemGroup>
    <Filter Include="Source Files">
      <UniqueIdentifier>{4FC737F1-C7A5-4376-A066-2A32D752A2FF}</UniqueIdentifier>
      <Extensions>cpp;c;cc;cxx;c++;cppm;ixx;def;odl;idl;hpj;bat;asm;asmx</Extensions>
    </Filter>
    <Filter Include="Header Files">
      <UniqueIdentifier>{93995380-89BD-4b04-88EB-625FBE52EBFB}</UniqueIdentifier>
      <Extensions>h;hh;hpp;hxx;h++;hm;inl;inc;ipp;xsd</Extensions>
    </Filter>
    <Filter Include="Resource Files">
      <UniqueIdentifier>{67DA6AB6-F800-4c08-8B7A-83BB121AAD01}</UniqueIdentifier>
      <Extensions>rc;ico;cur;bmp;dlg;rc2;rct;bin;rgs;gif;jpg;jpeg;jpe;resx;tiff;tif;png;wav;mfcribbon-ms</Extensions>
    </Filter>
    <Filter Include="Geometry">
      <UniqueIdentifier>{4f8fe524-c450-4e8b-9ec7-26a462cf6aa6}</UniqueIdentifier>
    </Filter>
    <Filter Include="DatabaseServices">
      <UniqueIdentifier>{a9db055d-59be-432c-bb53-93449479ce57}</UniqueIdentifier>
    </Filter>
    <Filter Include="DatabaseServices\Transaction">
      <UniqueIdentifier>{56da3331-2d0c-40aa-8c30-a4752e4aad60}</UniqueIdentifier>
    </Filter>
    <Filter Include="ObjectBase">
      <UniqueIdentifier>{27c78167-77ee-4dea-89c5-36329d2ecedd}</UniqueIdentifier>
    </Filter>
    <Filter Include="DisposableWrapper">
      <UniqueIdentifier>{6e85a566-01b8-4159-bb40-cc53c56e7189}</UniqueIdentifier>
    </Filter>
    <Filter Include="Entities">
      <UniqueIdentifier>{653a9181-44d8-4ffe-87d0-56e6bea8605a}</UniqueIdentifier>
    </Filter>
    <Filter Include="Entities\Line">
      <UniqueIdentifier>{1f06a24e-e7c4-4d93-933e-b67552143908}</UniqueIdentifier>
    </Filter>
  </ItemGroup>
  <ItemGroup>
    <ClInclude Include="framework.h">
      <Filter>Header Files</Filter>
    </ClInclude>
    <ClInclude Include="pch.h">
      <Filter>Header Files</Filter>
    </ClInclude>
    <ClInclude Include="Point2d.h">
      <Filter>Geometry</Filter>
    </ClInclude>
    <ClInclude Include="Point3d.h">
      <Filter>Geometry</Filter>
    </ClInclude>
    <ClInclude Include="Trans.h">
      <Filter>DatabaseServices\Transaction</Filter>
    </ClInclude>
    <ClInclude Include="ObjectBase.h">
      <Filter>ObjectBase</Filter>
    </ClInclude>
    <ClInclude Include="DisposableWrapper.h">
      <Filter>DisposableWrapper</Filter>
    </ClInclude>
    <ClInclude Include="Line.h">
      <Filter>Entities\Line</Filter>
    </ClInclude>
  </ItemGroup>
  <ItemGroup>
    <ClCompile Include="pch.cpp">
      <Filter>Source Files</Filter>
    </ClCompile>
    <ClCompile Include="Point2d.cpp">
      <Filter>Geometry</Filter>
    </ClCompile>
    <ClCompile Include="Point3d.cpp">
      <Filter>Geometry</Filter>
    </ClCompile>
    <ClCompile Include="Trans.cpp">
      <Filter>DatabaseServices\Transaction</Filter>
    </ClCompile>
    <ClCompile Include="ObjectBase.cpp">
      <Filter>ObjectBase</Filter>
    </ClCompile>
    <ClCompile Include="DisposableWrapper.cpp">
      <Filter>DisposableWrapper</Filter>
    </ClCompile>
    <ClCompile Include="Line.cpp">
      <Filter>Entities\Line</Filter>
    </ClCompile>
  </ItemGroup>
</Project>