<?xml version="1.0" encoding="utf-8"?>
<Project ToolsVersion="4.0" xmlns="http://schemas.microsoft.com/developer/msbuild/2003">
  <ItemGroup>
    <Filter Include="Source Files">
      <UniqueIdentifier>{4FC737F1-C7A5-4376-A066-2A32D752A2FF}</UniqueIdentifier>
      <Extensions>cpp;c;cc;cxx;c++;cppm;ixx;def;odl;idl;hpj;bat;asm;asmx</Extensions>
    </Filter>
    <Filter Include="Header Files">
      <UniqueIdentifier>{93995380-89BD-4b04-88EB-625FBE52EBFB}</UniqueIdentifier>
      <Extensions>h;hh;hpp;hxx;h++;hm;inl;inc;ipp;xsd</Extensions>
    </Filter>
    <Filter Include="Resource Files">
      <UniqueIdentifier>{67DA6AB6-F800-4c08-8B7A-83BB121AAD01}</UniqueIdentifier>
      <Extensions>rc;ico;cur;bmp;dlg;rc2;rct;bin;rgs;gif;jpg;jpeg;jpe;resx;tiff;tif;png;wav;mfcribbon-ms</Extensions>
    </Filter>
    <Filter Include="Geometry">
      <UniqueIdentifier>{56e661f1-a16a-4c33-b605-f6748690fda8}</UniqueIdentifier>
    </Filter>
    <Filter Include="DatabaseService">
      <UniqueIdentifier>{a9c7b846-4033-4e52-a546-ea2c30938147}</UniqueIdentifier>
    </Filter>
    <Filter Include="AbstractEngine">
      <UniqueIdentifier>{92ffbb5b-327a-4ad0-aa91-cfc61f97a804}</UniqueIdentifier>
    </Filter>
    <Filter Include="Geometry\Point2d">
      <UniqueIdentifier>{ebc22dbe-0408-4e3d-9d08-ee6fd3d6a101}</UniqueIdentifier>
    </Filter>
    <Filter Include="Geometry\Point3d">
      <UniqueIdentifier>{131d2013-dd8c-47b8-85f0-3c82755e31e3}</UniqueIdentifier>
    </Filter>
    <Filter Include="ObjectBase">
      <UniqueIdentifier>{1846de56-1a29-42ee-88ae-1f7a8181f525}</UniqueIdentifier>
    </Filter>
    <Filter Include="Drawing">
      <UniqueIdentifier>{0adfcee8-3748-4b34-b06d-63d9dd02bab9}</UniqueIdentifier>
    </Filter>
    <Filter Include="Drawing\Drawable">
      <UniqueIdentifier>{071f8a14-29b0-4b39-962f-2dca8de80833}</UniqueIdentifier>
    </Filter>
    <Filter Include="Drawing\Jig">
      <UniqueIdentifier>{742ee8b8-c4ac-466a-8d13-58c54ff7a2cc}</UniqueIdentifier>
    </Filter>
    <Filter Include="Geometry\Extend2d">
      <UniqueIdentifier>{a49b1ca5-191b-419d-a04b-171cc790085b}</UniqueIdentifier>
    </Filter>
    <Filter Include="DatabaseService\Entities">
      <UniqueIdentifier>{3e6b0219-4f99-42f8-bd32-c885e401cf3c}</UniqueIdentifier>
    </Filter>
    <Filter Include="DatabaseService\Entities\Line">
      <UniqueIdentifier>{1e7d7df7-a75b-4202-bc2c-ed11e90422e7}</UniqueIdentifier>
    </Filter>
    <Filter Include="DatabaseService\Entities\Circle">
      <UniqueIdentifier>{df2a2689-3fb5-4dea-bb3e-960279bab2d3}</UniqueIdentifier>
    </Filter>
    <Filter Include="EditorInput">
      <UniqueIdentifier>{a79a92d5-17e5-4fb4-a6ea-73d2a07b0205}</UniqueIdentifier>
    </Filter>
    <Filter Include="EditorInput\CommandPrompt">
      <UniqueIdentifier>{4e6eb2a6-d983-4108-a942-8cd4e7d71f49}</UniqueIdentifier>
    </Filter>
    <Filter Include="AbstractEngine\IEngine">
      <UniqueIdentifier>{d98ab809-2218-45cd-b39b-f77e76722cbb}</UniqueIdentifier>
    </Filter>
    <Filter Include="AbstractEngine\RenderEntity">
      <UniqueIdentifier>{5f606bd2-1470-4b8c-b389-b1a1df30ee16}</UniqueIdentifier>
    </Filter>
    <Filter Include="DatabaseService\DbObject">
      <UniqueIdentifier>{f6bf0243-6015-4c3d-9162-a5240610be62}</UniqueIdentifier>
    </Filter>
    <Filter Include="EditorInput\IActionCmd">
      <UniqueIdentifier>{138c4918-b128-41a0-bdc7-0be6415348ee}</UniqueIdentifier>
    </Filter>
    <Filter Include="AbstractEngine\MathSession">
      <UniqueIdentifier>{bf68bbb5-38a2-4585-a5c9-bc6b738eb2f4}</UniqueIdentifier>
    </Filter>
    <Filter Include="AbstractEngine\HostAppService">
      <UniqueIdentifier>{2f4ecc61-abd4-48b5-9297-09d6f0b5fd74}</UniqueIdentifier>
    </Filter>
    <Filter Include="DatabaseService\Entities\Square">
      <UniqueIdentifier>{3ff086a1-44bd-4b23-87cd-dd73f3cd5a90}</UniqueIdentifier>
    </Filter>
    <Filter Include="Geometry\Quaternion">
      <UniqueIdentifier>{fe6882ac-409d-4d76-9855-079330839faf}</UniqueIdentifier>
    </Filter>
    <Filter Include="Geometry\Vectors">
      <UniqueIdentifier>{ecfcde62-6b16-4d8f-8b1c-c266066b7019}</UniqueIdentifier>
    </Filter>
    <Filter Include="Geometry\Vectors\Vector2d">
      <UniqueIdentifier>{32b4f43d-6a0c-4b0d-a02f-da04ad01f70b}</UniqueIdentifier>
    </Filter>
    <Filter Include="Geometry\Vectors\Vector3d">
      <UniqueIdentifier>{8c60509c-f55b-4d61-8fc4-75c9efd201a6}</UniqueIdentifier>
    </Filter>
    <Filter Include="Geometry\Vectors\Vector4d">
      <UniqueIdentifier>{cfc41ccc-d56f-4a80-b763-f932689efe27}</UniqueIdentifier>
    </Filter>
    <Filter Include="Geometry\Matrices">
      <UniqueIdentifier>{6c58fb95-e347-4bcf-92f8-cc9be279d642}</UniqueIdentifier>
    </Filter>
    <Filter Include="Geometry\Extend3d">
      <UniqueIdentifier>{f5844737-fea4-4839-b6fa-0c179710aa98}</UniqueIdentifier>
    </Filter>
  </ItemGroup>
  <ItemGroup>
    <ClInclude Include="framework.h">
      <Filter>Header Files</Filter>
    </ClInclude>
    <ClInclude Include="pch.h">
      <Filter>Header Files</Filter>
    </ClInclude>
    <ClInclude Include="OdGePoint2d.h">
      <Filter>Geometry\Point2d</Filter>
    </ClInclude>
    <ClInclude Include="OdGeVector3d.h">
      <Filter>Geometry\Vectors\Vector3d</Filter>
    </ClInclude>
    <ClInclude Include="OdGePoint3d.h">
      <Filter>Geometry\Point3d</Filter>
    </ClInclude>
    <ClInclude Include="OdObjectBase.h">
      <Filter>ObjectBase</Filter>
    </ClInclude>
    <ClInclude Include="OdDrawable.h">
      <Filter>Drawing\Drawable</Filter>
    </ClInclude>
    <ClInclude Include="OdJig.h">
      <Filter>Drawing\Jig</Filter>
    </ClInclude>
    <ClInclude Include="OdDbEntity.h">
      <Filter>DatabaseService\Entities</Filter>
    </ClInclude>
    <ClInclude Include="OdGeExtend2d.h">
      <Filter>Geometry\Extend2d</Filter>
    </ClInclude>
    <ClInclude Include="OdDbLine.h">
      <Filter>DatabaseService\Entities\Line</Filter>
    </ClInclude>
    <ClInclude Include="CommandPrompt.h">
      <Filter>EditorInput\CommandPrompt</Filter>
    </ClInclude>
    <ClInclude Include="IEngine.h">
      <Filter>AbstractEngine\IEngine</Filter>
    </ClInclude>
    <ClInclude Include="RenderEntity.h">
      <Filter>AbstractEngine\RenderEntity</Filter>
    </ClInclude>
    <ClInclude Include="OdDbObject.h">
      <Filter>DatabaseService\DbObject</Filter>
    </ClInclude>
    <ClInclude Include="IActionCmd.h">
      <Filter>EditorInput\IActionCmd</Filter>
    </ClInclude>
    <ClInclude Include="MathSession.h">
      <Filter>AbstractEngine\MathSession</Filter>
    </ClInclude>
    <ClInclude Include="OdHostAppService.h">
      <Filter>AbstractEngine\HostAppService</Filter>
    </ClInclude>
    <ClInclude Include="OdDbCircle.h">
      <Filter>DatabaseService\Entities\Circle</Filter>
    </ClInclude>
    <ClInclude Include="resource.h">
      <Filter>Header Files</Filter>
    </ClInclude>
    <ClInclude Include="OdDbSquare.h">
      <Filter>DatabaseService\Entities\Square</Filter>
    </ClInclude>
    <ClInclude Include="MathLog.h">
      <Filter>Header Files</Filter>
    </ClInclude>
    <ClInclude Include="OdGeVector2d.h">
      <Filter>Geometry\Vectors\Vector2d</Filter>
    </ClInclude>
    <ClInclude Include="OdGeQuaternion.h">
      <Filter>Geometry\Quaternion</Filter>
    </ClInclude>
    <ClInclude Include="OdGeVector4d.h">
      <Filter>Geometry\Vectors\Vector4d</Filter>
    </ClInclude>
    <ClInclude Include="Matrices.h">
      <Filter>Geometry\Matrices</Filter>
    </ClInclude>
    <ClInclude Include="OdGeExtend3d.h">
      <Filter>Geometry\Extend3d</Filter>
    </ClInclude>
    <ClInclude Include="OdDatabase.h">
      <Filter>DatabaseService</Filter>
    </ClInclude>
    <ClInclude Include="OdDataTableRecord.h">
      <Filter>DatabaseService</Filter>
    </ClInclude>
    <ClInclude Include="OdTransaction.h">
      <Filter>DatabaseService</Filter>
    </ClInclude>
  </ItemGroup>
  <ItemGroup>
    <ClCompile Include="pch.cpp">
      <Filter>Source Files</Filter>
    </ClCompile>
    <ClCompile Include="OdGePoint2d.cpp">
      <Filter>Geometry\Point2d</Filter>
    </ClCompile>
    <ClCompile Include="OdGeVector3d.cpp">
      <Filter>Geometry\Vectors\Vector3d</Filter>
    </ClCompile>
    <ClCompile Include="OdGePoint3d.cpp">
      <Filter>Geometry\Point3d</Filter>
    </ClCompile>
    <ClCompile Include="OdObjectBase.cpp">
      <Filter>ObjectBase</Filter>
    </ClCompile>
    <ClCompile Include="OdDrawable.cpp">
      <Filter>Drawing\Drawable</Filter>
    </ClCompile>
    <ClCompile Include="OdJig.cpp">
      <Filter>Drawing\Jig</Filter>
    </ClCompile>
    <ClCompile Include="OdDbEntity.cpp">
      <Filter>DatabaseService\Entities</Filter>
    </ClCompile>
    <ClCompile Include="OdGeExtend2d.cpp">
      <Filter>Geometry\Extend2d</Filter>
    </ClCompile>
    <ClCompile Include="OdDbLine.cpp">
      <Filter>DatabaseService\Entities\Line</Filter>
    </ClCompile>
    <ClCompile Include="CommandPrompt.cpp">
      <Filter>EditorInput\CommandPrompt</Filter>
    </ClCompile>
    <ClCompile Include="IEngine.cpp">
      <Filter>AbstractEngine\IEngine</Filter>
    </ClCompile>
    <ClCompile Include="RenderEntity.cpp">
      <Filter>AbstractEngine\RenderEntity</Filter>
    </ClCompile>
    <ClCompile Include="OdDbObject.cpp">
      <Filter>DatabaseService\DbObject</Filter>
    </ClCompile>
    <ClCompile Include="IActionCmd.cpp">
      <Filter>EditorInput\IActionCmd</Filter>
    </ClCompile>
    <ClCompile Include="MathSession.cpp">
      <Filter>AbstractEngine\MathSession</Filter>
    </ClCompile>
    <ClCompile Include="OdHostAppService.cpp">
      <Filter>AbstractEngine\HostAppService</Filter>
    </ClCompile>
    <ClCompile Include="OdDbCircle.cpp">
      <Filter>DatabaseService\Entities\Circle</Filter>
    </ClCompile>
    <ClCompile Include="OdDbSquare.cpp">
      <Filter>DatabaseService\Entities\Square</Filter>
    </ClCompile>
    <ClCompile Include="OdGeVector2d.cpp">
      <Filter>Geometry\Vectors\Vector2d</Filter>
    </ClCompile>
    <ClCompile Include="OdGeQuaternion.cpp">
      <Filter>Geometry\Quaternion</Filter>
    </ClCompile>
    <ClCompile Include="OdGeVector4d.cpp">
      <Filter>Geometry\Vectors\Vector4d</Filter>
    </ClCompile>
    <ClCompile Include="Matrices.cpp">
      <Filter>Geometry\Matrices</Filter>
    </ClCompile>
    <ClCompile Include="OdGeExtend3d.cpp">
      <Filter>Geometry\Extend3d</Filter>
    </ClCompile>
    <ClCompile Include="OdDatabase.cpp">
      <Filter>DatabaseService</Filter>
    </ClCompile>
    <ClCompile Include="OdDataTableRecord.cpp">
      <Filter>DatabaseService</Filter>
    </ClCompile>
    <ClCompile Include="OdTransaction.cpp">
      <Filter>DatabaseService</Filter>
    </ClCompile>
  </ItemGroup>
  <ItemGroup>
    <ResourceCompile Include="MathCore.rc">
      <Filter>Resource Files</Filter>
    </ResourceCompile>
  </ItemGroup>
</Project>