<?xml version="1.0" encoding="utf-8"?>
<Project ToolsVersion="4.0" xmlns="http://schemas.microsoft.com/developer/msbuild/2003">
  <ItemGroup>
    <Filter Include="Source Files">
      <UniqueIdentifier>{4FC737F1-C7A5-4376-A066-2A32D752A2FF}</UniqueIdentifier>
      <Extensions>cpp;c;cc;cxx;c++;cppm;ixx;def;odl;idl;hpj;bat;asm;asmx</Extensions>
    </Filter>
    <Filter Include="Header Files">
      <UniqueIdentifier>{93995380-89BD-4b04-88EB-625FBE52EBFB}</UniqueIdentifier>
      <Extensions>h;hh;hpp;hxx;h++;hm;inl;inc;ipp;xsd</Extensions>
    </Filter>
    <Filter Include="Resource Files">
      <UniqueIdentifier>{67DA6AB6-F800-4c08-8B7A-83BB121AAD01}</UniqueIdentifier>
      <Extensions>rc;ico;cur;bmp;dlg;rc2;rct;bin;rgs;gif;jpg;jpeg;jpe;resx;tiff;tif;png;wav;mfcribbon-ms</Extensions>
    </Filter>
    <Filter Include="Entities">
      <UniqueIdentifier>{ca6450dc-792b-4c3a-82d3-a3cb7c98a132}</UniqueIdentifier>
    </Filter>
    <Filter Include="Entities\Line">
      <UniqueIdentifier>{691e2b18-6c51-42e1-a076-d60758ffa5d0}</UniqueIdentifier>
    </Filter>
    <Filter Include="Entities\Circle">
      <UniqueIdentifier>{3facc178-041e-497a-bd1d-0bdad7570c7c}</UniqueIdentifier>
    </Filter>
    <Filter Include="Entities\Square">
      <UniqueIdentifier>{af3a906a-3310-4f41-b489-5b0190911230}</UniqueIdentifier>
    </Filter>
    <Filter Include="Prompts">
      <UniqueIdentifier>{3656a98f-5627-4559-b997-0574ee05fc11}</UniqueIdentifier>
    </Filter>
    <Filter Include="Drawing">
      <UniqueIdentifier>{76e3ec9e-93f5-4361-b575-9dfd885f167c}</UniqueIdentifier>
    </Filter>
    <Filter Include="Drawing\Jig">
      <UniqueIdentifier>{15cfd101-f184-41fa-9b46-6ac4fc4b0989}</UniqueIdentifier>
    </Filter>
  </ItemGroup>
  <ItemGroup>
    <ClInclude Include="framework.h">
      <Filter>Header Files</Filter>
    </ClInclude>
    <ClInclude Include="pch.h">
      <Filter>Header Files</Filter>
    </ClInclude>
    <ClInclude Include="GLEngine.h">
      <Filter>Header Files</Filter>
    </ClInclude>
    <ClInclude Include="Line.h">
      <Filter>Entities\Line</Filter>
    </ClInclude>
    <ClInclude Include="Circle.h">
      <Filter>Entities\Circle</Filter>
    </ClInclude>
    <ClInclude Include="Square.h">
      <Filter>Entities\Square</Filter>
    </ClInclude>
    <ClInclude Include="PointSelection.h">
      <Filter>Prompts</Filter>
    </ClInclude>
    <ClInclude Include="DoubleSelection.h">
      <Filter>Header Files</Filter>
    </ClInclude>
    <ClInclude Include="LineJig.h">
      <Filter>Drawing\Jig</Filter>
    </ClInclude>
  </ItemGroup>
  <ItemGroup>
    <ClCompile Include="GLEngine.cpp">
      <Filter>Source Files</Filter>
    </ClCompile>
    <ClCompile Include="pch.cpp">
      <Filter>Source Files</Filter>
    </ClCompile>
    <ClCompile Include="Line.cpp">
      <Filter>Entities\Line</Filter>
    </ClCompile>
    <ClCompile Include="Circle.cpp">
      <Filter>Entities\Circle</Filter>
    </ClCompile>
    <ClCompile Include="Square.cpp">
      <Filter>Entities\Square</Filter>
    </ClCompile>
    <ClCompile Include="PointSelection.cpp">
      <Filter>Prompts</Filter>
    </ClCompile>
    <ClCompile Include="DoubleSelection.cpp">
      <Filter>Source Files</Filter>
    </ClCompile>
    <ClCompile Include="LineJig.cpp">
      <Filter>Drawing\Jig</Filter>
    </ClCompile>
  </ItemGroup>
</Project>